// !$*UTF8*$!
{
	archiveVersion = 1;
	classes = {
	};
	objectVersion = 46;
	objects = {

/* Begin PBXBuildFile section */
		071B01F21EFB6B0C0087093D /* AppDelegate.swift in Sources */ = {isa = PBXBuildFile; fileRef = 071B01F11EFB6B0C0087093D /* AppDelegate.swift */; };
		071B01F41EFB6B0C0087093D /* ViewController.swift in Sources */ = {isa = PBXBuildFile; fileRef = 071B01F31EFB6B0C0087093D /* ViewController.swift */; };
		071B01F71EFB6B0C0087093D /* Main.storyboard in Resources */ = {isa = PBXBuildFile; fileRef = 071B01F51EFB6B0C0087093D /* Main.storyboard */; };
		071B01F91EFB6B0C0087093D /* Assets.xcassets in Resources */ = {isa = PBXBuildFile; fileRef = 071B01F81EFB6B0C0087093D /* Assets.xcassets */; };
		071B01FC1EFB6B0C0087093D /* LaunchScreen.storyboard in Resources */ = {isa = PBXBuildFile; fileRef = 071B01FA1EFB6B0C0087093D /* LaunchScreen.storyboard */; };
		071B02071EFB6B0C0087093D /* RPMActionSheetTests.swift in Sources */ = {isa = PBXBuildFile; fileRef = 071B02061EFB6B0C0087093D /* RPMActionSheetTests.swift */; };
		071B02121EFB6B0C0087093D /* RPMActionSheetUITests.swift in Sources */ = {isa = PBXBuildFile; fileRef = 071B02111EFB6B0C0087093D /* RPMActionSheetUITests.swift */; };
		071B02201EFB6B6A0087093D /* RPMAlertAction.swift in Sources */ = {isa = PBXBuildFile; fileRef = 071B021F1EFB6B6A0087093D /* RPMAlertAction.swift */; };
		071B02221EFB6BF50087093D /* RPMActionSheetViewController.swift in Sources */ = {isa = PBXBuildFile; fileRef = 071B02211EFB6BF50087093D /* RPMActionSheetViewController.swift */; };
		071B02241EFB6C690087093D /* UIViewExtensions.swift in Sources */ = {isa = PBXBuildFile; fileRef = 071B02231EFB6C690087093D /* UIViewExtensions.swift */; };
		071B02261EFB6D120087093D /* RPMActionTableViewCell.swift in Sources */ = {isa = PBXBuildFile; fileRef = 071B02251EFB6D120087093D /* RPMActionTableViewCell.swift */; };
		071B022A1EFB6DFC0087093D /* DimmingPresentationController.swift in Sources */ = {isa = PBXBuildFile; fileRef = 071B02291EFB6DFC0087093D /* DimmingPresentationController.swift */; };
/* End PBXBuildFile section */

/* Begin PBXContainerItemProxy section */
		071B02031EFB6B0C0087093D /* PBXContainerItemProxy */ = {
			isa = PBXContainerItemProxy;
			containerPortal = 071B01E61EFB6B0C0087093D /* Project object */;
			proxyType = 1;
			remoteGlobalIDString = 071B01ED1EFB6B0C0087093D;
			remoteInfo = RPMActionSheet;
		};
		071B020E1EFB6B0C0087093D /* PBXContainerItemProxy */ = {
			isa = PBXContainerItemProxy;
			containerPortal = 071B01E61EFB6B0C0087093D /* Project object */;
			proxyType = 1;
			remoteGlobalIDString = 071B01ED1EFB6B0C0087093D;
			remoteInfo = RPMActionSheet;
		};
/* End PBXContainerItemProxy section */

/* Begin PBXFileReference section */
		071B01EE1EFB6B0C0087093D /* RPMActionSheet.app */ = {isa = PBXFileReference; explicitFileType = wrapper.application; includeInIndex = 0; path = RPMActionSheet.app; sourceTree = BUILT_PRODUCTS_DIR; };
		071B01F11EFB6B0C0087093D /* AppDelegate.swift */ = {isa = PBXFileReference; lastKnownFileType = sourcecode.swift; path = AppDelegate.swift; sourceTree = "<group>"; };
		071B01F31EFB6B0C0087093D /* ViewController.swift */ = {isa = PBXFileReference; lastKnownFileType = sourcecode.swift; path = ViewController.swift; sourceTree = "<group>"; };
		071B01F61EFB6B0C0087093D /* Base */ = {isa = PBXFileReference; lastKnownFileType = file.storyboard; name = Base; path = Base.lproj/Main.storyboard; sourceTree = "<group>"; };
		071B01F81EFB6B0C0087093D /* Assets.xcassets */ = {isa = PBXFileReference; lastKnownFileType = folder.assetcatalog; path = Assets.xcassets; sourceTree = "<group>"; };
		071B01FB1EFB6B0C0087093D /* Base */ = {isa = PBXFileReference; lastKnownFileType = file.storyboard; name = Base; path = Base.lproj/LaunchScreen.storyboard; sourceTree = "<group>"; };
		071B01FD1EFB6B0C0087093D /* Info.plist */ = {isa = PBXFileReference; lastKnownFileType = text.plist.xml; path = Info.plist; sourceTree = "<group>"; };
		071B02021EFB6B0C0087093D /* RPMActionSheetTests.xctest */ = {isa = PBXFileReference; explicitFileType = wrapper.cfbundle; includeInIndex = 0; path = RPMActionSheetTests.xctest; sourceTree = BUILT_PRODUCTS_DIR; };
		071B02061EFB6B0C0087093D /* RPMActionSheetTests.swift */ = {isa = PBXFileReference; lastKnownFileType = sourcecode.swift; path = RPMActionSheetTests.swift; sourceTree = "<group>"; };
		071B02081EFB6B0C0087093D /* Info.plist */ = {isa = PBXFileReference; lastKnownFileType = text.plist.xml; path = Info.plist; sourceTree = "<group>"; };
		071B020D1EFB6B0C0087093D /* RPMActionSheetUITests.xctest */ = {isa = PBXFileReference; explicitFileType = wrapper.cfbundle; includeInIndex = 0; path = RPMActionSheetUITests.xctest; sourceTree = BUILT_PRODUCTS_DIR; };
		071B02111EFB6B0C0087093D /* RPMActionSheetUITests.swift */ = {isa = PBXFileReference; lastKnownFileType = sourcecode.swift; path = RPMActionSheetUITests.swift; sourceTree = "<group>"; };
		071B02131EFB6B0C0087093D /* Info.plist */ = {isa = PBXFileReference; lastKnownFileType = text.plist.xml; path = Info.plist; sourceTree = "<group>"; };
		071B021F1EFB6B6A0087093D /* RPMAlertAction.swift */ = {isa = PBXFileReference; fileEncoding = 4; lastKnownFileType = sourcecode.swift; path = RPMAlertAction.swift; sourceTree = "<group>"; };
		071B02211EFB6BF50087093D /* RPMActionSheetViewController.swift */ = {isa = PBXFileReference; fileEncoding = 4; lastKnownFileType = sourcecode.swift; path = RPMActionSheetViewController.swift; sourceTree = "<group>"; };
		071B02231EFB6C690087093D /* UIViewExtensions.swift */ = {isa = PBXFileReference; fileEncoding = 4; lastKnownFileType = sourcecode.swift; path = UIViewExtensions.swift; sourceTree = "<group>"; };
		071B02251EFB6D120087093D /* RPMActionTableViewCell.swift */ = {isa = PBXFileReference; fileEncoding = 4; lastKnownFileType = sourcecode.swift; path = RPMActionTableViewCell.swift; sourceTree = "<group>"; };
		071B02291EFB6DFC0087093D /* DimmingPresentationController.swift */ = {isa = PBXFileReference; fileEncoding = 4; lastKnownFileType = sourcecode.swift; name = DimmingPresentationController.swift; path = ../DimmingPresentationController.swift; sourceTree = "<group>"; };
/* End PBXFileReference section */

/* Begin PBXFrameworksBuildPhase section */
		071B01EB1EFB6B0C0087093D /* Frameworks */ = {
			isa = PBXFrameworksBuildPhase;
			buildActionMask = 2147483647;
			files = (
			);
			runOnlyForDeploymentPostprocessing = 0;
		};
		071B01FF1EFB6B0C0087093D /* Frameworks */ = {
			isa = PBXFrameworksBuildPhase;
			buildActionMask = 2147483647;
			files = (
			);
			runOnlyForDeploymentPostprocessing = 0;
		};
		071B020A1EFB6B0C0087093D /* Frameworks */ = {
			isa = PBXFrameworksBuildPhase;
			buildActionMask = 2147483647;
			files = (
			);
			runOnlyForDeploymentPostprocessing = 0;
		};
/* End PBXFrameworksBuildPhase section */

/* Begin PBXGroup section */
		071B01E51EFB6B0C0087093D = {
			isa = PBXGroup;
			children = (
				071B01F01EFB6B0C0087093D /* RPMActionSheet */,
				071B02051EFB6B0C0087093D /* RPMActionSheetTests */,
				071B02101EFB6B0C0087093D /* RPMActionSheetUITests */,
				071B01EF1EFB6B0C0087093D /* Products */,
			);
			sourceTree = "<group>";
		};
		071B01EF1EFB6B0C0087093D /* Products */ = {
			isa = PBXGroup;
			children = (
				071B01EE1EFB6B0C0087093D /* RPMActionSheet.app */,
				071B02021EFB6B0C0087093D /* RPMActionSheetTests.xctest */,
				071B020D1EFB6B0C0087093D /* RPMActionSheetUITests.xctest */,
			);
			name = Products;
			sourceTree = "<group>";
		};
		071B01F01EFB6B0C0087093D /* RPMActionSheet */ = {
			isa = PBXGroup;
			children = (
				071B01F11EFB6B0C0087093D /* AppDelegate.swift */,
				071B01F31EFB6B0C0087093D /* ViewController.swift */,
				071B022B1EFB759B0087093D /* RPMActionSheet */,
				071B01F51EFB6B0C0087093D /* Main.storyboard */,
				071B01F81EFB6B0C0087093D /* Assets.xcassets */,
				071B01FA1EFB6B0C0087093D /* LaunchScreen.storyboard */,
				071B01FD1EFB6B0C0087093D /* Info.plist */,
			);
			path = RPMActionSheet;
			sourceTree = "<group>";
		};
		071B02051EFB6B0C0087093D /* RPMActionSheetTests */ = {
			isa = PBXGroup;
			children = (
				071B02061EFB6B0C0087093D /* RPMActionSheetTests.swift */,
				071B02081EFB6B0C0087093D /* Info.plist */,
			);
			path = RPMActionSheetTests;
			sourceTree = "<group>";
		};
		071B02101EFB6B0C0087093D /* RPMActionSheetUITests */ = {
			isa = PBXGroup;
			children = (
				071B02111EFB6B0C0087093D /* RPMActionSheetUITests.swift */,
				071B02131EFB6B0C0087093D /* Info.plist */,
			);
			path = RPMActionSheetUITests;
			sourceTree = "<group>";
		};
		071B022B1EFB759B0087093D /* RPMActionSheet */ = {
			isa = PBXGroup;
			children = (
				071B02291EFB6DFC0087093D /* DimmingPresentationController.swift */,
				071B02231EFB6C690087093D /* UIViewExtensions.swift */,
				071B021F1EFB6B6A0087093D /* RPMAlertAction.swift */,
				071B02211EFB6BF50087093D /* RPMActionSheetViewController.swift */,
				071B02251EFB6D120087093D /* RPMActionTableViewCell.swift */,
			);
			name = RPMActionSheet;
			sourceTree = "<group>";
		};
/* End PBXGroup section */

/* Begin PBXNativeTarget section */
		071B01ED1EFB6B0C0087093D /* RPMActionSheet */ = {
			isa = PBXNativeTarget;
			buildConfigurationList = 071B02161EFB6B0C0087093D /* Build configuration list for PBXNativeTarget "RPMActionSheet" */;
			buildPhases = (
				071B01EA1EFB6B0C0087093D /* Sources */,
				071B01EB1EFB6B0C0087093D /* Frameworks */,
				071B01EC1EFB6B0C0087093D /* Resources */,
			);
			buildRules = (
			);
			dependencies = (
			);
			name = RPMActionSheet;
			productName = RPMActionSheet;
			productReference = 071B01EE1EFB6B0C0087093D /* RPMActionSheet.app */;
			productType = "com.apple.product-type.application";
		};
		071B02011EFB6B0C0087093D /* RPMActionSheetTests */ = {
			isa = PBXNativeTarget;
			buildConfigurationList = 071B02191EFB6B0C0087093D /* Build configuration list for PBXNativeTarget "RPMActionSheetTests" */;
			buildPhases = (
				071B01FE1EFB6B0C0087093D /* Sources */,
				071B01FF1EFB6B0C0087093D /* Frameworks */,
				071B02001EFB6B0C0087093D /* Resources */,
			);
			buildRules = (
			);
			dependencies = (
				071B02041EFB6B0C0087093D /* PBXTargetDependency */,
			);
			name = RPMActionSheetTests;
			productName = RPMActionSheetTests;
			productReference = 071B02021EFB6B0C0087093D /* RPMActionSheetTests.xctest */;
			productType = "com.apple.product-type.bundle.unit-test";
		};
		071B020C1EFB6B0C0087093D /* RPMActionSheetUITests */ = {
			isa = PBXNativeTarget;
			buildConfigurationList = 071B021C1EFB6B0C0087093D /* Build configuration list for PBXNativeTarget "RPMActionSheetUITests" */;
			buildPhases = (
				071B02091EFB6B0C0087093D /* Sources */,
				071B020A1EFB6B0C0087093D /* Frameworks */,
				071B020B1EFB6B0C0087093D /* Resources */,
			);
			buildRules = (
			);
			dependencies = (
				071B020F1EFB6B0C0087093D /* PBXTargetDependency */,
			);
			name = RPMActionSheetUITests;
			productName = RPMActionSheetUITests;
			productReference = 071B020D1EFB6B0C0087093D /* RPMActionSheetUITests.xctest */;
			productType = "com.apple.product-type.bundle.ui-testing";
		};
/* End PBXNativeTarget section */

/* Begin PBXProject section */
		071B01E61EFB6B0C0087093D /* Project object */ = {
			isa = PBXProject;
			attributes = {
				LastSwiftUpdateCheck = 0830;
				LastUpgradeCheck = 0830;
				ORGANIZATIONNAME = rmickeyd;
				TargetAttributes = {
					071B01ED1EFB6B0C0087093D = {
						CreatedOnToolsVersion = 8.3.3;
						DevelopmentTeam = Y699RGTVTN;
						ProvisioningStyle = Automatic;
					};
					071B02011EFB6B0C0087093D = {
						CreatedOnToolsVersion = 8.3.3;
						DevelopmentTeam = Y699RGTVTN;
						ProvisioningStyle = Automatic;
						TestTargetID = 071B01ED1EFB6B0C0087093D;
					};
					071B020C1EFB6B0C0087093D = {
						CreatedOnToolsVersion = 8.3.3;
						DevelopmentTeam = Y699RGTVTN;
						ProvisioningStyle = Automatic;
						TestTargetID = 071B01ED1EFB6B0C0087093D;
					};
				};
			};
			buildConfigurationList = 071B01E91EFB6B0C0087093D /* Build configuration list for PBXProject "RPMActionSheet" */;
			compatibilityVersion = "Xcode 3.2";
			developmentRegion = English;
			hasScannedForEncodings = 0;
			knownRegions = (
				en,
				Base,
			);
			mainGroup = 071B01E51EFB6B0C0087093D;
			productRefGroup = 071B01EF1EFB6B0C0087093D /* Products */;
			projectDirPath = "";
			projectRoot = "";
			targets = (
				071B01ED1EFB6B0C0087093D /* RPMActionSheet */,
				071B02011EFB6B0C0087093D /* RPMActionSheetTests */,
				071B020C1EFB6B0C0087093D /* RPMActionSheetUITests */,
			);
		};
/* End PBXProject section */

/* Begin PBXResourcesBuildPhase section */
		071B01EC1EFB6B0C0087093D /* Resources */ = {
			isa = PBXResourcesBuildPhase;
			buildActionMask = 2147483647;
			files = (
				071B01FC1EFB6B0C0087093D /* LaunchScreen.storyboard in Resources */,
				071B01F91EFB6B0C0087093D /* Assets.xcassets in Resources */,
				071B01F71EFB6B0C0087093D /* Main.storyboard in Resources */,
			);
			runOnlyForDeploymentPostprocessing = 0;
		};
		071B02001EFB6B0C0087093D /* Resources */ = {
			isa = PBXResourcesBuildPhase;
			buildActionMask = 2147483647;
			files = (
			);
			runOnlyForDeploymentPostprocessing = 0;
		};
		071B020B1EFB6B0C0087093D /* Resources */ = {
			isa = PBXResourcesBuildPhase;
			buildActionMask = 2147483647;
			files = (
			);
			runOnlyForDeploymentPostprocessing = 0;
		};
/* End PBXResourcesBuildPhase section */

/* Begin PBXSourcesBuildPhase section */
		071B01EA1EFB6B0C0087093D /* Sources */ = {
			isa = PBXSourcesBuildPhase;
			buildActionMask = 2147483647;
			files = (
				071B02201EFB6B6A0087093D /* RPMAlertAction.swift in Sources */,
				071B022A1EFB6DFC0087093D /* DimmingPresentationController.swift in Sources */,
				071B02261EFB6D120087093D /* RPMActionTableViewCell.swift in Sources */,
				071B02241EFB6C690087093D /* UIViewExtensions.swift in Sources */,
				071B01F41EFB6B0C0087093D /* ViewController.swift in Sources */,
				071B02221EFB6BF50087093D /* RPMActionSheetViewController.swift in Sources */,
				071B01F21EFB6B0C0087093D /* AppDelegate.swift in Sources */,
			);
			runOnlyForDeploymentPostprocessing = 0;
		};
		071B01FE1EFB6B0C0087093D /* Sources */ = {
			isa = PBXSourcesBuildPhase;
			buildActionMask = 2147483647;
			files = (
				071B02071EFB6B0C0087093D /* RPMActionSheetTests.swift in Sources */,
			);
			runOnlyForDeploymentPostprocessing = 0;
		};
		071B02091EFB6B0C0087093D /* Sources */ = {
			isa = PBXSourcesBuildPhase;
			buildActionMask = 2147483647;
			files = (
				071B02121EFB6B0C0087093D /* RPMActionSheetUITests.swift in Sources */,
			);
			runOnlyForDeploymentPostprocessing = 0;
		};
/* End PBXSourcesBuildPhase section */

/* Begin PBXTargetDependency section */
		071B02041EFB6B0C0087093D /* PBXTargetDependency */ = {
			isa = PBXTargetDependency;
			target = 071B01ED1EFB6B0C0087093D /* RPMActionSheet */;
			targetProxy = 071B02031EFB6B0C0087093D /* PBXContainerItemProxy */;
		};
		071B020F1EFB6B0C0087093D /* PBXTargetDependency */ = {
			isa = PBXTargetDependency;
			target = 071B01ED1EFB6B0C0087093D /* RPMActionSheet */;
			targetProxy = 071B020E1EFB6B0C0087093D /* PBXContainerItemProxy */;
		};
/* End PBXTargetDependency section */

/* Begin PBXVariantGroup section */
		071B01F51EFB6B0C0087093D /* Main.storyboard */ = {
			isa = PBXVariantGroup;
			children = (
				071B01F61EFB6B0C0087093D /* Base */,
			);
			name = Main.storyboard;
			sourceTree = "<group>";
		};
		071B01FA1EFB6B0C0087093D /* LaunchScreen.storyboard */ = {
			isa = PBXVariantGroup;
			children = (
				071B01FB1EFB6B0C0087093D /* Base */,
			);
			name = LaunchScreen.storyboard;
			sourceTree = "<group>";
		};
/* End PBXVariantGroup section */

/* Begin XCBuildConfiguration section */
		071B02141EFB6B0C0087093D /* Debug */ = {
			isa = XCBuildConfiguration;
			buildSettings = {
				ALWAYS_SEARCH_USER_PATHS = NO;
				CLANG_ANALYZER_NONNULL = YES;
				CLANG_ANALYZER_NUMBER_OBJECT_CONVERSION = YES_AGGRESSIVE;
				CLANG_CXX_LANGUAGE_STANDARD = "gnu++0x";
				CLANG_CXX_LIBRARY = "libc++";
				CLANG_ENABLE_MODULES = YES;
				CLANG_ENABLE_OBJC_ARC = YES;
				CLANG_WARN_BOOL_CONVERSION = YES;
				CLANG_WARN_CONSTANT_CONVERSION = YES;
				CLANG_WARN_DIRECT_OBJC_ISA_USAGE = YES_ERROR;
				CLANG_WARN_DOCUMENTATION_COMMENTS = YES;
				CLANG_WARN_EMPTY_BODY = YES;
				CLANG_WARN_ENUM_CONVERSION = YES;
				CLANG_WARN_INFINITE_RECURSION = YES;
				CLANG_WARN_INT_CONVERSION = YES;
				CLANG_WARN_OBJC_ROOT_CLASS = YES_ERROR;
				CLANG_WARN_SUSPICIOUS_MOVE = YES;
				CLANG_WARN_UNREACHABLE_CODE = YES;
				CLANG_WARN__DUPLICATE_METHOD_MATCH = YES;
				"CODE_SIGN_IDENTITY[sdk=iphoneos*]" = "iPhone Developer";
				COPY_PHASE_STRIP = NO;
				DEBUG_INFORMATION_FORMAT = dwarf;
				ENABLE_STRICT_OBJC_MSGSEND = YES;
				ENABLE_TESTABILITY = YES;
				GCC_C_LANGUAGE_STANDARD = gnu99;
				GCC_DYNAMIC_NO_PIC = NO;
				GCC_NO_COMMON_BLOCKS = YES;
				GCC_OPTIMIZATION_LEVEL = 0;
				GCC_PREPROCESSOR_DEFINITIONS = (
					"DEBUG=1",
					"$(inherited)",
				);
				GCC_WARN_64_TO_32_BIT_CONVERSION = YES;
				GCC_WARN_ABOUT_RETURN_TYPE = YES_ERROR;
				GCC_WARN_UNDECLARED_SELECTOR = YES;
				GCC_WARN_UNINITIALIZED_AUTOS = YES_AGGRESSIVE;
				GCC_WARN_UNUSED_FUNCTION = YES;
				GCC_WARN_UNUSED_VARIABLE = YES;
				IPHONEOS_DEPLOYMENT_TARGET = 10.3;
				MTL_ENABLE_DEBUG_INFO = YES;
				ONLY_ACTIVE_ARCH = YES;
				SDKROOT = iphoneos;
				SWIFT_ACTIVE_COMPILATION_CONDITIONS = DEBUG;
				SWIFT_OPTIMIZATION_LEVEL = "-Onone";
			};
			name = Debug;
		};
		071B02151EFB6B0C0087093D /* Release */ = {
			isa = XCBuildConfiguration;
			buildSettings = {
				ALWAYS_SEARCH_USER_PATHS = NO;
				CLANG_ANALYZER_NONNULL = YES;
				CLANG_ANALYZER_NUMBER_OBJECT_CONVERSION = YES_AGGRESSIVE;
				CLANG_CXX_LANGUAGE_STANDARD = "gnu++0x";
				CLANG_CXX_LIBRARY = "libc++";
				CLANG_ENABLE_MODULES = YES;
				CLANG_ENABLE_OBJC_ARC = YES;
				CLANG_WARN_BOOL_CONVERSION = YES;
				CLANG_WARN_CONSTANT_CONVERSION = YES;
				CLANG_WARN_DIRECT_OBJC_ISA_USAGE = YES_ERROR;
				CLANG_WARN_DOCUMENTATION_COMMENTS = YES;
				CLANG_WARN_EMPTY_BODY = YES;
				CLANG_WARN_ENUM_CONVERSION = YES;
				CLANG_WARN_INFINITE_RECURSION = YES;
				CLANG_WARN_INT_CONVERSION = YES;
				CLANG_WARN_OBJC_ROOT_CLASS = YES_ERROR;
				CLANG_WARN_SUSPICIOUS_MOVE = YES;
				CLANG_WARN_UNREACHABLE_CODE = YES;
				CLANG_WARN__DUPLICATE_METHOD_MATCH = YES;
				"CODE_SIGN_IDENTITY[sdk=iphoneos*]" = "iPhone Developer";
				COPY_PHASE_STRIP = NO;
				DEBUG_INFORMATION_FORMAT = "dwarf-with-dsym";
				ENABLE_NS_ASSERTIONS = NO;
				ENABLE_STRICT_OBJC_MSGSEND = YES;
				GCC_C_LANGUAGE_STANDARD = gnu99;
				GCC_NO_COMMON_BLOCKS = YES;
				GCC_WARN_64_TO_32_BIT_CONVERSION = YES;
				GCC_WARN_ABOUT_RETURN_TYPE = YES_ERROR;
				GCC_WARN_UNDECLARED_SELECTOR = YES;
				GCC_WARN_UNINITIALIZED_AUTOS = YES_AGGRESSIVE;
				GCC_WARN_UNUSED_FUNCTION = YES;
				GCC_WARN_UNUSED_VARIABLE = YES;
				IPHONEOS_DEPLOYMENT_TARGET = 10.3;
				MTL_ENABLE_DEBUG_INFO = NO;
				SDKROOT = iphoneos;
				SWIFT_OPTIMIZATION_LEVEL = "-Owholemodule";
				VALIDATE_PRODUCT = YES;
			};
			name = Release;
		};
		071B02171EFB6B0C0087093D /* Debug */ = {
			isa = XCBuildConfiguration;
			buildSettings = {
				ASSETCATALOG_COMPILER_APPICON_NAME = AppIcon;
				DEVELOPMENT_TEAM = Y699RGTVTN;
				INFOPLIST_FILE = RPMActionSheet/Info.plist;
				LD_RUNPATH_SEARCH_PATHS = "$(inherited) @executable_path/Frameworks";
				PRODUCT_BUNDLE_IDENTIFIER = com.rmickeyd.RPMActionSheet;
				PRODUCT_NAME = "$(TARGET_NAME)";
				SWIFT_VERSION = 3.0;
			};
			name = Debug;
		};
		071B02181EFB6B0C0087093D /* Release */ = {
			isa = XCBuildConfiguration;
			buildSettings = {
				ASSETCATALOG_COMPILER_APPICON_NAME = AppIcon;
				DEVELOPMENT_TEAM = Y699RGTVTN;
				INFOPLIST_FILE = RPMActionSheet/Info.plist;
				LD_RUNPATH_SEARCH_PATHS = "$(inherited) @executable_path/Frameworks";
				PRODUCT_BUNDLE_IDENTIFIER = com.rmickeyd.RPMActionSheet;
				PRODUCT_NAME = "$(TARGET_NAME)";
				SWIFT_VERSION = 3.0;
			};
			name = Release;
		};
		071B021A1EFB6B0C0087093D /* Debug */ = {
			isa = XCBuildConfiguration;
			buildSettings = {
				ALWAYS_EMBED_SWIFT_STANDARD_LIBRARIES = YES;
				BUNDLE_LOADER = "$(TEST_HOST)";
				DEVELOPMENT_TEAM = Y699RGTVTN;
				INFOPLIST_FILE = RPMActionSheetTests/Info.plist;
				LD_RUNPATH_SEARCH_PATHS = "$(inherited) @executable_path/Frameworks @loader_path/Frameworks";
				PRODUCT_BUNDLE_IDENTIFIER = com.rmickeyd.RPMActionSheetTests;
				PRODUCT_NAME = "$(TARGET_NAME)";
				SWIFT_VERSION = 3.0;
				TEST_HOST = "$(BUILT_PRODUCTS_DIR)/RPMActionSheet.app/RPMActionSheet";
			};
			name = Debug;
		};
		071B021B1EFB6B0C0087093D /* Release */ = {
			isa = XCBuildConfiguration;
			buildSettings = {
				ALWAYS_EMBED_SWIFT_STANDARD_LIBRARIES = YES;
				BUNDLE_LOADER = "$(TEST_HOST)";
				DEVELOPMENT_TEAM = Y699RGTVTN;
				INFOPLIST_FILE = RPMActionSheetTests/Info.plist;
				LD_RUNPATH_SEARCH_PATHS = "$(inherited) @executable_path/Frameworks @loader_path/Frameworks";
				PRODUCT_BUNDLE_IDENTIFIER = com.rmickeyd.RPMActionSheetTests;
				PRODUCT_NAME = "$(TARGET_NAME)";
				SWIFT_VERSION = 3.0;
				TEST_HOST = "$(BUILT_PRODUCTS_DIR)/RPMActionSheet.app/RPMActionSheet";
			};
			name = Release;
		};
		071B021D1EFB6B0C0087093D /* Debug */ = {
			isa = XCBuildConfiguration;
			buildSettings = {
				ALWAYS_EMBED_SWIFT_STANDARD_LIBRARIES = YES;
				DEVELOPMENT_TEAM = Y699RGTVTN;
				INFOPLIST_FILE = RPMActionSheetUITests/Info.plist;
				LD_RUNPATH_SEARCH_PATHS = "$(inherited) @executable_path/Frameworks @loader_path/Frameworks";
				PRODUCT_BUNDLE_IDENTIFIER = com.rmickeyd.RPMActionSheetUITests;
				PRODUCT_NAME = "$(TARGET_NAME)";
				SWIFT_VERSION = 3.0;
				TEST_TARGET_NAME = RPMActionSheet;
			};
			name = Debug;
		};
		071B021E1EFB6B0C0087093D /* Release */ = {
			isa = XCBuildConfiguration;
			buildSettings = {
				ALWAYS_EMBED_SWIFT_STANDARD_LIBRARIES = YES;
				DEVELOPMENT_TEAM = Y699RGTVTN;
				INFOPLIST_FILE = RPMActionSheetUITests/Info.plist;
				LD_RUNPATH_SEARCH_PATHS = "$(inherited) @executable_path/Frameworks @loader_path/Frameworks";
				PRODUCT_BUNDLE_IDENTIFIER = com.rmickeyd.RPMActionSheetUITests;
				PRODUCT_NAME = "$(TARGET_NAME)";
				SWIFT_VERSION = 3.0;
				TEST_TARGET_NAME = RPMActionSheet;
			};
			name = Release;
		};
/* End XCBuildConfiguration section */

/* Begin XCConfigurationList section */
		071B01E91EFB6B0C0087093D /* Build configuration list for PBXProject "RPMActionSheet" */ = {
			isa = XCConfigurationList;
			buildConfigurations = (
				071B02141EFB6B0C0087093D /* Debug */,
				071B02151EFB6B0C0087093D /* Release */,
			);
			defaultConfigurationIsVisible = 0;
			defaultConfigurationName = Release;
		};
		071B02161EFB6B0C0087093D /* Build configuration list for PBXNativeTarget "RPMActionSheet" */ = {
			isa = XCConfigurationList;
			buildConfigurations = (
				071B02171EFB6B0C0087093D /* Debug */,
				071B02181EFB6B0C0087093D /* Release */,
			);
			defaultConfigurationIsVisible = 0;
		};
		071B02191EFB6B0C0087093D /* Build configuration list for PBXNativeTarget "RPMActionSheetTests" */ = {
			isa = XCConfigurationList;
			buildConfigurations = (
				071B021A1EFB6B0C0087093D /* Debug */,
				071B021B1EFB6B0C0087093D /* Release */,
			);
			defaultConfigurationIsVisible = 0;
		};
		071B021C1EFB6B0C0087093D /* Build configuration list for PBXNativeTarget "RPMActionSheetUITests" */ = {
			isa = XCConfigurationList;
			buildConfigurations = (
				071B021D1EFB6B0C0087093D /* Debug */,
				071B021E1EFB6B0C0087093D /* Release */,
			);
			defaultConfigurationIsVisible = 0;
		};
/* End XCConfigurationList section */
	};
	rootObject = 071B01E61EFB6B0C0087093D /* Project object */;
}
